
Microsoft Visual Studio Solution File, Format Version 12.00
# Visual Studio Version 17
VisualStudioVersion = 17.13.35825.156 d17.13
MinimumVisualStudioVersion = 10.0.40219.1
Project("{FAE04EC0-301F-11D3-BF4B-00C04F79EFBC}") = "IletişimFormu", "IletişimFormu\IletişimFormu.csproj", "{2C526E7C-5F47-4C0D-91CE-C6D55536442E}"
EndProject
Global
	GlobalSection(SolutionConfigurationPlatforms) = preSolution
		Debug|Any CPU = Debug|Any CPU
		Release|Any CPU = Release|Any CPU
	EndGlobalSection
	GlobalSection(ProjectConfigurationPlatforms) = postSolution
		{2C526E7C-5F47-4C0D-91CE-C6D55536442E}.Debug|Any CPU.ActiveCfg = Debug|Any CPU
		{2C526E7C-5F47-4C0D-91CE-C6D55536442E}.Debug|Any CPU.Build.0 = Debug|Any CPU
		{2C526E7C-5F47-4C0D-91CE-C6D55536442E}.Release|Any CPU.ActiveCfg = Release|Any CPU
		{2C526E7C-5F47-4C0D-91CE-C6D55536442E}.Release|Any CPU.Build.0 = Release|Any CPU
	EndGlobalSection
	GlobalSection(SolutionProperties) = preSolution
		HideSolutionNode = FALSE
	EndGlobalSection
	GlobalSection(ExtensibilityGlobals) = postSolution
		SolutionGuid = {26CBE95B-35AB-4D8E-A5BF-3FCC9BE596C5}
	EndGlobalSection
EndGlobal
