
Microsoft Visual Studio Solution File, Format Version 12.00
# Visual Studio Version 17
VisualStudioVersion = 17.13.35825.156 d17.13
MinimumVisualStudioVersion = 10.0.40219.1
Project("{FAE04EC0-301F-11D3-BF4B-00C04F79EFBC}") = "KodlamaDunyasi", "KodlamaDunyasi\KodlamaDunyasi.csproj", "{2DA60CB4-B99B-4E6B-BDD5-2040177AD3FA}"
EndProject
Global
	GlobalSection(SolutionConfigurationPlatforms) = preSolution
		Debug|Any CPU = Debug|Any CPU
		Release|Any CPU = Release|Any CPU
	EndGlobalSection
	GlobalSection(ProjectConfigurationPlatforms) = postSolution
		{2DA60CB4-B99B-4E6B-BDD5-2040177AD3FA}.Debug|Any CPU.ActiveCfg = Debug|Any CPU
		{2DA60CB4-B99B-4E6B-BDD5-2040177AD3FA}.Debug|Any CPU.Build.0 = Debug|Any CPU
		{2DA60CB4-B99B-4E6B-BDD5-2040177AD3FA}.Release|Any CPU.ActiveCfg = Release|Any CPU
		{2DA60CB4-B99B-4E6B-BDD5-2040177AD3FA}.Release|Any CPU.Build.0 = Release|Any CPU
	EndGlobalSection
	GlobalSection(SolutionProperties) = preSolution
		HideSolutionNode = FALSE
	EndGlobalSection
	GlobalSection(ExtensibilityGlobals) = postSolution
		SolutionGuid = {02E11342-B12C-4BED-9CA2-C01435358EC5}
	EndGlobalSection
EndGlobal
